
Microsoft Visual Studio Solution File, Format Version 12.00
# Visual Studio 14
VisualStudioVersion = 14.0.25420.1
MinimumVisualStudioVersion = 10.0.40219.1
Project("{FAE04EC0-301F-11D3-BF4B-00C04F79EFBC}") = "TECHIS.Serialization.MessagePack", "TECHIS.Serialization.MessagePack\TECHIS.Serialization.MessagePack.csproj", "{107B70BC-8A48-4F9F-A680-8AD3868F5C63}"
EndProject
Project("{FAE04EC0-301F-11D3-BF4B-00C04F79EFBC}") = "TECHIS.Serialization.MessagePack.Test", "TestBinarySerializer\TECHIS.Serialization.MessagePack.Test.csproj", "{BD547B9C-AA4E-4CF2-8BDA-2F9CB91DDAB5}"
EndProject
Global
	GlobalSection(SolutionConfigurationPlatforms) = preSolution
		Debug|Any CPU = Debug|Any CPU
		Release|Any CPU = Release|Any CPU
	EndGlobalSection
	GlobalSection(ProjectConfigurationPlatforms) = postSolution
		{107B70BC-8A48-4F9F-A680-8AD3868F5C63}.Debug|Any CPU.ActiveCfg = Debug|Any CPU
		{107B70BC-8A48-4F9F-A680-8AD3868F5C63}.Debug|Any CPU.Build.0 = Debug|Any CPU
		{107B70BC-8A48-4F9F-A680-8AD3868F5C63}.Release|Any CPU.ActiveCfg = Release|Any CPU
		{107B70BC-8A48-4F9F-A680-8AD3868F5C63}.Release|Any CPU.Build.0 = Release|Any CPU
		{BD547B9C-AA4E-4CF2-8BDA-2F9CB91DDAB5}.Debug|Any CPU.ActiveCfg = Debug|Any CPU
		{BD547B9C-AA4E-4CF2-8BDA-2F9CB91DDAB5}.Debug|Any CPU.Build.0 = Debug|Any CPU
		{BD547B9C-AA4E-4CF2-8BDA-2F9CB91DDAB5}.Release|Any CPU.ActiveCfg = Release|Any CPU
		{BD547B9C-AA4E-4CF2-8BDA-2F9CB91DDAB5}.Release|Any CPU.Build.0 = Release|Any CPU
	EndGlobalSection
	GlobalSection(SolutionProperties) = preSolution
		HideSolutionNode = FALSE
	EndGlobalSection
EndGlobal
